Microsoft Visual Studio Solution File, Format Version 12.00
# Visual Studio Version 16
VisualStudioVersion = 16.0.30914.41
MinimumVisualStudioVersion = 10.0.40219.1
Project("{9A19103F-16F7-4668-BE54-9A1E7A4F7556}") = "Mono.TextTemplating", "Mono.TextTemplating\Mono.TextTemplating.csproj", "{A2364D6A-00EF-417C-80A6-815726C70032}"
EndProject
Project("{9A19103F-16F7-4668-BE54-9A1E7A4F7556}") = "Mono.TextTemplating.Tests", "Mono.TextTemplating.Tests\Mono.TextTemplating.Tests.csproj", "{CB590106-8331-4CBE-8131-B154E7BF79E1}"
EndProject
Project("{9A19103F-16F7-4668-BE54-9A1E7A4F7556}") = "TextTransform", "TextTransform\TextTransform.csproj", "{D1D35409-C814-47F6-B038-B9B5BF0FE490}"
EndProject
Project("{2150E333-8FDC-42A3-9474-1A3956D46DE8}") = "Solution Items", "Solution Items", "{EEE624A1-0ED3-4D57-96B4-5D1B22E72697}"
	ProjectSection(SolutionItems) = preProject
		.editorconfig = .editorconfig
		Directory.Build.props = Directory.Build.props
		LICENSE = LICENSE
	EndProjectSection
EndProject
Project("{9A19103F-16F7-4668-BE54-9A1E7A4F7556}") = "dotnet-t4", "dotnet-t4\dotnet-t4.csproj", "{6AA924D8-7119-4593-9B56-11D17AC3578E}"
EndProject
Project("{9A19103F-16F7-4668-BE54-9A1E7A4F7556}") = "dotnet-t4-project-tool", "dotnet-t4-project-tool\dotnet-t4-project-tool.csproj", "{114B7AEF-61DA-453A-9A84-6DDEA13460B7}"
EndProject
Project("{9A19103F-16F7-4668-BE54-9A1E7A4F7556}") = "Mono.TextTemplating.Build", "Mono.TextTemplating.Build\Mono.TextTemplating.Build.csproj", "{12F53C72-56EC-4740-B6B2-FF31A1B3D3B8}"
EndProject
Project("{9A19103F-16F7-4668-BE54-9A1E7A4F7556}") = "Mono.TextTemplating.Roslyn", "Mono.TextTemplating.Roslyn\Mono.TextTemplating.Roslyn.csproj", "{8DB780A9-27C1-44B4-860F-50C4419FD349}"
EndProject
Project("{9A19103F-16F7-4668-BE54-9A1E7A4F7556}") = "Microsoft.Build.Locator", "external\MSBuildLocator\src\MSBuildLocator\Microsoft.Build.Locator.csproj", "{7CA5FD84-B806-43B7-AE52-4C1FEAA95EF8}"
EndProject
Global
	GlobalSection(SolutionConfigurationPlatforms) = preSolution
		Debug|Any CPU = Debug|Any CPU
		Release|Any CPU = Release|Any CPU
	EndGlobalSection
	GlobalSection(ProjectConfigurationPlatforms) = postSolution
		{A2364D6A-00EF-417C-80A6-815726C70032}.Debug|Any CPU.ActiveCfg = Debug|Any CPU
		{A2364D6A-00EF-417C-80A6-815726C70032}.Debug|Any CPU.Build.0 = Debug|Any CPU
		{A2364D6A-00EF-417C-80A6-815726C70032}.Release|Any CPU.ActiveCfg = Release|Any CPU
		{A2364D6A-00EF-417C-80A6-815726C70032}.Release|Any CPU.Build.0 = Release|Any CPU
		{CB590106-8331-4CBE-8131-B154E7BF79E1}.Debug|Any CPU.ActiveCfg = Debug|Any CPU
		{CB590106-8331-4CBE-8131-B154E7BF79E1}.Debug|Any CPU.Build.0 = Debug|Any CPU
		{CB590106-8331-4CBE-8131-B154E7BF79E1}.Release|Any CPU.ActiveCfg = Release|Any CPU
		{CB590106-8331-4CBE-8131-B154E7BF79E1}.Release|Any CPU.Build.0 = Release|Any CPU
		{D1D35409-C814-47F6-B038-B9B5BF0FE490}.Debug|Any CPU.ActiveCfg = Debug|Any CPU
		{D1D35409-C814-47F6-B038-B9B5BF0FE490}.Debug|Any CPU.Build.0 = Debug|Any CPU
		{D1D35409-C814-47F6-B038-B9B5BF0FE490}.Release|Any CPU.ActiveCfg = Release|Any CPU
		{D1D35409-C814-47F6-B038-B9B5BF0FE490}.Release|Any CPU.Build.0 = Release|Any CPU
		{6AA924D8-7119-4593-9B56-11D17AC3578E}.Debug|Any CPU.ActiveCfg = Debug|Any CPU
		{6AA924D8-7119-4593-9B56-11D17AC3578E}.Debug|Any CPU.Build.0 = Debug|Any CPU
		{6AA924D8-7119-4593-9B56-11D17AC3578E}.Release|Any CPU.ActiveCfg = Release|Any CPU
		{6AA924D8-7119-4593-9B56-11D17AC3578E}.Release|Any CPU.Build.0 = Release|Any CPU
		{114B7AEF-61DA-453A-9A84-6DDEA13460B7}.Debug|Any CPU.ActiveCfg = Debug|Any CPU
		{114B7AEF-61DA-453A-9A84-6DDEA13460B7}.Debug|Any CPU.Build.0 = Debug|Any CPU
		{114B7AEF-61DA-453A-9A84-6DDEA13460B7}.Release|Any CPU.ActiveCfg = Release|Any CPU
		{114B7AEF-61DA-453A-9A84-6DDEA13460B7}.Release|Any CPU.Build.0 = Release|Any CPU
		{12F53C72-56EC-4740-B6B2-FF31A1B3D3B8}.Debug|Any CPU.ActiveCfg = Debug|Any CPU
		{12F53C72-56EC-4740-B6B2-FF31A1B3D3B8}.Debug|Any CPU.Build.0 = Debug|Any CPU
		{12F53C72-56EC-4740-B6B2-FF31A1B3D3B8}.Release|Any CPU.ActiveCfg = Release|Any CPU
		{12F53C72-56EC-4740-B6B2-FF31A1B3D3B8}.Release|Any CPU.Build.0 = Release|Any CPU
		{8DB780A9-27C1-44B4-860F-50C4419FD349}.Debug|Any CPU.ActiveCfg = Debug|Any CPU
		{8DB780A9-27C1-44B4-860F-50C4419FD349}.Debug|Any CPU.Build.0 = Debug|Any CPU
		{8DB780A9-27C1-44B4-860F-50C4419FD349}.Release|Any CPU.ActiveCfg = Release|Any CPU
		{8DB780A9-27C1-44B4-860F-50C4419FD349}.Release|Any CPU.Build.0 = Release|Any CPU
		{7CA5FD84-B806-43B7-AE52-4C1FEAA95EF8}.Debug|Any CPU.ActiveCfg = Debug|Any CPU
		{7CA5FD84-B806-43B7-AE52-4C1FEAA95EF8}.Debug|Any CPU.Build.0 = Debug|Any CPU
		{7CA5FD84-B806-43B7-AE52-4C1FEAA95EF8}.Release|Any CPU.ActiveCfg = Release|Any CPU
		{7CA5FD84-B806-43B7-AE52-4C1FEAA95EF8}.Release|Any CPU.Build.0 = Release|Any CPU
	EndGlobalSection
	GlobalSection(SolutionProperties) = preSolution
		HideSolutionNode = FALSE
	EndGlobalSection
	GlobalSection(ExtensibilityGlobals) = postSolution
		SolutionGuid = {04EA19D7-353D-4FEB-8201-7ED21AC1C289}
	EndGlobalSection
	GlobalSection(MonoDevelopProperties) = preSolution
		Policies = $0
		$0.TextStylePolicy = $1
		$1.scope = text/x-csharp
		$0.CSharpFormattingPolicy = $2
		$2.scope = text/x-csharp
		$2.IndentSwitchSection = False
		$2.NewLinesForBracesInProperties = False
		$2.NewLinesForBracesInAccessors = False
		$2.NewLinesForBracesInAnonymousMethods = False
		$2.NewLinesForBracesInControlBlocks = False
		$2.NewLinesForBracesInAnonymousTypes = False
		$2.NewLinesForBracesInObjectCollectionArrayInitializers = False
		$2.NewLinesForBracesInLambdaExpressionBody = False
		$2.NewLineForElse = False
		$2.NewLineForCatch = False
		$2.NewLineForFinally = False
		$2.NewLineForMembersInObjectInit = False
		$2.NewLineForMembersInAnonymousTypes = False
		$2.NewLineForClausesInQuery = False
		$2.SpacingAfterMethodDeclarationName = True
		$2.SpaceAfterMethodCallName = True
		$2.SpaceBeforeOpenSquareBracket = True
	EndGlobalSection
EndGlobal
